
Microsoft Visual Studio Solution File, Format Version 12.00
# Visual Studio Version 17
VisualStudioVersion = 17.6.33815.320
MinimumVisualStudioVersion = 10.0.40219.1
Project("{FAE04EC0-301F-11D3-BF4B-00C04F79EFBC}") = "WPF-LoginForm", "WPF-LoginForm.csproj", "{882D09BD-6FA8-4F41-9465-0A42FDED9D38}"
EndProject
Global
	GlobalSection(SolutionConfigurationPlatforms) = preSolution
		Debug|Any CPU = Debug|Any CPU
		Release|Any CPU = Release|Any CPU
	EndGlobalSection
	GlobalSection(ProjectConfigurationPlatforms) = postSolution
		{882D09BD-6FA8-4F41-9465-0A42FDED9D38}.Debug|Any CPU.ActiveCfg = Debug|Any CPU
		{882D09BD-6FA8-4F41-9465-0A42FDED9D38}.Debug|Any CPU.Build.0 = Debug|Any CPU
		{882D09BD-6FA8-4F41-9465-0A42FDED9D38}.Release|Any CPU.ActiveCfg = Release|Any CPU
		{882D09BD-6FA8-4F41-9465-0A42FDED9D38}.Release|Any CPU.Build.0 = Release|Any CPU
	EndGlobalSection
	GlobalSection(SolutionProperties) = preSolution
		HideSolutionNode = FALSE
	EndGlobalSection
	GlobalSection(ExtensibilityGlobals) = postSolution
		SolutionGuid = {DAAF0997-60C2-4AAF-AF1C-60CAAA8BBB54}
	EndGlobalSection
EndGlobal
